PODS:
  - Alamofire (4.5.0)
  - Hero (0.3.6)
  - IQKeyboardManager (4.0.10)
  - ScalingCarousel (1.0.3)
  - SwiftyJSON (3.1.4)

DEPENDENCIES:
  - Alamofire
  - Hero
  - IQKeyboardManager
  - ScalingCarousel
  - SwiftyJSON

SPEC CHECKSUMS:
  Alamofire: f28cdffd29de33a7bfa022cbd63ae95a27fae140
  Hero: d3c6f4dd80cdcdbb339be64e57ae3b5c3ab9938c
  IQKeyboardManager: 593ee99b88381f4b9ccb22bd680f22606351bd41
  ScalingCarousel: c1ce9b7f97c423614773328b762b5b723ed9ff7e
  SwiftyJSON: c2842d878f95482ffceec5709abc3d05680c0220

PODFILE CHECKSUM: 4bf847ec360a77578f365721487c9c2a8e69daa8

COCOAPODS: 1.1.1
