// !$*UTF8*$!
{
	archiveVersion = 1;
	classes = {
	};
	objectVersion = 46;
	objects = {

/* Begin PBXBuildFile section */
		23779C3CEBAD2C9E9DBB0EF9 /* Pods_phostagram_ios.framework in Frameworks */ = {isa = PBXBuildFile; fileRef = 8CE1A291F57DA1CC8525DBA3 /* Pods_phostagram_ios.framework */; };
		51033C041F2AB69700B03206 /* AddressViewController.swift in Sources */ = {isa = PBXBuildFile; fileRef = 51033C031F2AB69700B03206 /* AddressViewController.swift */; };
		51284E011F5206B7009559A9 /* homeModel.swift in Sources */ = {isa = PBXBuildFile; fileRef = 51284E001F5206B7009559A9 /* homeModel.swift */; };
		5162D42F1F34527E000B2DA7 /* SelectRecipientsViewController.swift in Sources */ = {isa = PBXBuildFile; fileRef = 5162D42E1F34527E000B2DA7 /* SelectRecipientsViewController.swift */; };
		5162D4311F3457D4000B2DA7 /* SelectRecipientsAddressesViewController.swift in Sources */ = {isa = PBXBuildFile; fileRef = 5162D4301F3457D4000B2DA7 /* SelectRecipientsAddressesViewController.swift */; };
		5162D4331F375D63000B2DA7 /* CaptionViewController.swift in Sources */ = {isa = PBXBuildFile; fileRef = 5162D4321F375D63000B2DA7 /* CaptionViewController.swift */; };
		5162D4351F37A0A4000B2DA7 /* UIColor.swift in Sources */ = {isa = PBXBuildFile; fileRef = 5162D4341F37A0A4000B2DA7 /* UIColor.swift */; };
		5162D4371F37AA2F000B2DA7 /* SendToYourselfViewController.swift in Sources */ = {isa = PBXBuildFile; fileRef = 5162D4361F37AA2F000B2DA7 /* SendToYourselfViewController.swift */; };
		5162D4391F3873B3000B2DA7 /* PreviewViewController.swift in Sources */ = {isa = PBXBuildFile; fileRef = 5162D4381F3873B3000B2DA7 /* PreviewViewController.swift */; };
		5162D43B1F3873FF000B2DA7 /* CALayer+extention.swift in Sources */ = {isa = PBXBuildFile; fileRef = 5162D43A1F3873FF000B2DA7 /* CALayer+extention.swift */; };
		5162D43D1F389C3D000B2DA7 /* order.swift in Sources */ = {isa = PBXBuildFile; fileRef = 5162D43C1F389C3C000B2DA7 /* order.swift */; };
		51802B061F1508710010EA5A /* network.swift in Sources */ = {isa = PBXBuildFile; fileRef = 51802B051F1508710010EA5A /* network.swift */; };
		51802B081F1508BF0010EA5A /* Alamofire.framework in Frameworks */ = {isa = PBXBuildFile; fileRef = 51802B071F1508BF0010EA5A /* Alamofire.framework */; };
		51802B0A1F1508C20010EA5A /* SwiftyJSON.framework in Frameworks */ = {isa = PBXBuildFile; fileRef = 51802B091F1508C20010EA5A /* SwiftyJSON.framework */; };
		51802B0D1F1517400010EA5A /* profileModel.swift in Sources */ = {isa = PBXBuildFile; fileRef = 51802B0C1F1517400010EA5A /* profileModel.swift */; };
		51802B0F1F15605E0010EA5A /* addressModel.swift in Sources */ = {isa = PBXBuildFile; fileRef = 51802B0E1F15605E0010EA5A /* addressModel.swift */; };
		51802B151F16483E0010EA5A /* contactsModel.swift in Sources */ = {isa = PBXBuildFile; fileRef = 51802B141F16483E0010EA5A /* contactsModel.swift */; };
		51802B181F179AEA0010EA5A /* UIViewController.swift in Sources */ = {isa = PBXBuildFile; fileRef = 51802B171F179AEA0010EA5A /* UIViewController.swift */; };
		519A04A11F0653DB00B3F8B0 /* ProfileViewController.swift in Sources */ = {isa = PBXBuildFile; fileRef = 519A04A01F0653DB00B3F8B0 /* ProfileViewController.swift */; };
		51C4097A1F0D672E00704A5D /* EditContactViewController.swift in Sources */ = {isa = PBXBuildFile; fileRef = 51C409791F0D672E00704A5D /* EditContactViewController.swift */; };
		51C4097C1F0D686900704A5D /* AddressViewCell.swift in Sources */ = {isa = PBXBuildFile; fileRef = 51C4097B1F0D686900704A5D /* AddressViewCell.swift */; };
		51C4097E1F0D79D600704A5D /* EditContactInfoViewController.swift in Sources */ = {isa = PBXBuildFile; fileRef = 51C4097D1F0D79D600704A5D /* EditContactInfoViewController.swift */; };
		51C688DA1F0527B400518D56 /* AppDelegate.swift in Sources */ = {isa = PBXBuildFile; fileRef = 51C688D91F0527B400518D56 /* AppDelegate.swift */; };
		51C688DF1F0527B400518D56 /* Main.storyboard in Resources */ = {isa = PBXBuildFile; fileRef = 51C688DD1F0527B400518D56 /* Main.storyboard */; };
		51C688E21F0527B400518D56 /* phostagram_ios.xcdatamodeld in Sources */ = {isa = PBXBuildFile; fileRef = 51C688E01F0527B400518D56 /* phostagram_ios.xcdatamodeld */; };
		51C688E41F0527B400518D56 /* Assets.xcassets in Resources */ = {isa = PBXBuildFile; fileRef = 51C688E31F0527B400518D56 /* Assets.xcassets */; };
		51C688E71F0527B400518D56 /* LaunchScreen.storyboard in Resources */ = {isa = PBXBuildFile; fileRef = 51C688E51F0527B400518D56 /* LaunchScreen.storyboard */; };
		51D93BD41F0A057D00C057A7 /* PhotoCollectionViewCell.swift in Sources */ = {isa = PBXBuildFile; fileRef = 51D93BD31F0A057D00C057A7 /* PhotoCollectionViewCell.swift */; };
		51D93BD61F0A25B800C057A7 /* PhotoListflowViewLayout.swift in Sources */ = {isa = PBXBuildFile; fileRef = 51D93BD51F0A25B800C057A7 /* PhotoListflowViewLayout.swift */; };
		51D93BD81F0A25CC00C057A7 /* PhotoGridflowViewLayout.swift in Sources */ = {isa = PBXBuildFile; fileRef = 51D93BD71F0A25CC00C057A7 /* PhotoGridflowViewLayout.swift */; };
		51D93BDD1F0A5FEC00C057A7 /* HomeViewController.swift in Sources */ = {isa = PBXBuildFile; fileRef = 51D93BDC1F0A5FEC00C057A7 /* HomeViewController.swift */; };
		51D93BE01F0ADD9700C057A7 /* UIImageViewExtention.swift in Sources */ = {isa = PBXBuildFile; fileRef = 51D93BDF1F0ADD9700C057A7 /* UIImageViewExtention.swift */; };
		51D93BE21F0B777D00C057A7 /* GradientView.swift in Sources */ = {isa = PBXBuildFile; fileRef = 51D93BE11F0B777D00C057A7 /* GradientView.swift */; };
		51D93BE41F0B86FB00C057A7 /* UIViewExtention.swift in Sources */ = {isa = PBXBuildFile; fileRef = 51D93BE31F0B86FB00C057A7 /* UIViewExtention.swift */; };
		51D93BE61F0B88F900C057A7 /* getStartedButtonView.swift in Sources */ = {isa = PBXBuildFile; fileRef = 51D93BE51F0B88F900C057A7 /* getStartedButtonView.swift */; };
		51D93BE91F0BA39100C057A7 /* getStartedViewController.swift in Sources */ = {isa = PBXBuildFile; fileRef = 51D93BE81F0BA39100C057A7 /* getStartedViewController.swift */; };
		51D93BEC1F0BB0D000C057A7 /* textFieldViewController.swift in Sources */ = {isa = PBXBuildFile; fileRef = 51D93BEB1F0BB0D000C057A7 /* textFieldViewController.swift */; };
		51D93BEE1F0BBF4800C057A7 /* UIView.swift in Sources */ = {isa = PBXBuildFile; fileRef = 51D93BED1F0BBF4800C057A7 /* UIView.swift */; };
		51D93BF11F0BCCA500C057A7 /* ContactsViewController.swift in Sources */ = {isa = PBXBuildFile; fileRef = 51D93BF01F0BCCA500C057A7 /* ContactsViewController.swift */; };
		51D93BF41F0BF7D100C057A7 /* contactsViewCell.swift in Sources */ = {isa = PBXBuildFile; fileRef = 51D93BF31F0BF7D100C057A7 /* contactsViewCell.swift */; };
		51D93BF61F0C289400C057A7 /* AddNewContactViewController.swift in Sources */ = {isa = PBXBuildFile; fileRef = 51D93BF51F0C289400C057A7 /* AddNewContactViewController.swift */; };
		51F6E3941F519D350076B750 /* home.swift in Sources */ = {isa = PBXBuildFile; fileRef = 51F6E3931F519D350076B750 /* home.swift */; };
		51F6E39A1F51CC0A0076B750 /* AdobeCreativeSDKCore.framework in Frameworks */ = {isa = PBXBuildFile; fileRef = 51F6E3951F51CC0A0076B750 /* AdobeCreativeSDKCore.framework */; };
		51F6E39B1F51CC0A0076B750 /* AdobeCreativeSDKImage.framework in Frameworks */ = {isa = PBXBuildFile; fileRef = 51F6E3961F51CC0A0076B750 /* AdobeCreativeSDKImage.framework */; };
		51F6E39C1F51CC0A0076B750 /* AdobeCreativeSDKCoreResources.bundle in Resources */ = {isa = PBXBuildFile; fileRef = 51F6E3971F51CC0A0076B750 /* AdobeCreativeSDKCoreResources.bundle */; };
		51F6E39D1F51CC0A0076B750 /* AdobeCreativeSDKImageResources.bundle in Resources */ = {isa = PBXBuildFile; fileRef = 51F6E3981F51CC0A0076B750 /* AdobeCreativeSDKImageResources.bundle */; };
		51F6E39E1F51CE5A0076B750 /* AdobeCreativeSDKCore.framework in Frameworks */ = {isa = PBXBuildFile; fileRef = 51F6E3951F51CC0A0076B750 /* AdobeCreativeSDKCore.framework */; };
		51F6E39F1F51CE5A0076B750 /* AdobeCreativeSDKCore.framework in Embed Frameworks */ = {isa = PBXBuildFile; fileRef = 51F6E3951F51CC0A0076B750 /* AdobeCreativeSDKCore.framework */; settings = {ATTRIBUTES = (CodeSignOnCopy, RemoveHeadersOnCopy, ); }; };
		51F6E3A01F51CE5E0076B750 /* AdobeCreativeSDKImage.framework in Frameworks */ = {isa = PBXBuildFile; fileRef = 51F6E3961F51CC0A0076B750 /* AdobeCreativeSDKImage.framework */; };
		51F6E3A11F51CE5E0076B750 /* AdobeCreativeSDKImage.framework in Embed Frameworks */ = {isa = PBXBuildFile; fileRef = 51F6E3961F51CC0A0076B750 /* AdobeCreativeSDKImage.framework */; settings = {ATTRIBUTES = (CodeSignOnCopy, RemoveHeadersOnCopy, ); }; };
		51F6E3A31F51CE6C0076B750 /* MobileCoreServices.framework in Frameworks */ = {isa = PBXBuildFile; fileRef = 51F6E3A21F51CE6C0076B750 /* MobileCoreServices.framework */; };
		51F6E3A51F51CE730076B750 /* SystemConfiguration.framework in Frameworks */ = {isa = PBXBuildFile; fileRef = 51F6E3A41F51CE730076B750 /* SystemConfiguration.framework */; };
		51F6E3A71F51CE7B0076B750 /* libz.tbd in Frameworks */ = {isa = PBXBuildFile; fileRef = 51F6E3A61F51CE7B0076B750 /* libz.tbd */; };
		51F6E3A91F51CE860076B750 /* libsqlite3.tbd in Frameworks */ = {isa = PBXBuildFile; fileRef = 51F6E3A81F51CE860076B750 /* libsqlite3.tbd */; };
		51F6E3AB1F51CE930076B750 /* libc++.tbd in Frameworks */ = {isa = PBXBuildFile; fileRef = 51F6E3AA1F51CE930076B750 /* libc++.tbd */; };
/* End PBXBuildFile section */

/* Begin PBXCopyFilesBuildPhase section */
		51802B041F1508530010EA5A /* Embed Frameworks */ = {
			isa = PBXCopyFilesBuildPhase;
			buildActionMask = 2147483647;
			dstPath = "";
			dstSubfolderSpec = 10;
			files = (
				51F6E3A11F51CE5E0076B750 /* AdobeCreativeSDKImage.framework in Embed Frameworks */,
				51F6E39F1F51CE5A0076B750 /* AdobeCreativeSDKCore.framework in Embed Frameworks */,
			);
			name = "Embed Frameworks";
			runOnlyForDeploymentPostprocessing = 0;
		};
/* End PBXCopyFilesBuildPhase section */

/* Begin PBXFileReference section */
		0132AF52DBF8888BD8050792 /* Pods-phostagram-ios.release.xcconfig */ = {isa = PBXFileReference; includeInIndex = 1; lastKnownFileType = text.xcconfig; name = "Pods-phostagram-ios.release.xcconfig"; path = "Pods/Target Support Files/Pods-phostagram-ios/Pods-phostagram-ios.release.xcconfig"; sourceTree = "<group>"; };
		100BAD7972A180EF0B25A2BC /* Pods-phostagram-ios.debug.xcconfig */ = {isa = PBXFileReference; includeInIndex = 1; lastKnownFileType = text.xcconfig; name = "Pods-phostagram-ios.debug.xcconfig"; path = "Pods/Target Support Files/Pods-phostagram-ios/Pods-phostagram-ios.debug.xcconfig"; sourceTree = "<group>"; };
		51033C031F2AB69700B03206 /* AddressViewController.swift */ = {isa = PBXFileReference; fileEncoding = 4; lastKnownFileType = sourcecode.swift; path = AddressViewController.swift; sourceTree = "<group>"; };
		51284E001F5206B7009559A9 /* homeModel.swift */ = {isa = PBXFileReference; fileEncoding = 4; lastKnownFileType = sourcecode.swift; path = homeModel.swift; sourceTree = "<group>"; };
		5162D42E1F34527E000B2DA7 /* SelectRecipientsViewController.swift */ = {isa = PBXFileReference; fileEncoding = 4; lastKnownFileType = sourcecode.swift; path = SelectRecipientsViewController.swift; sourceTree = "<group>"; };
		5162D4301F3457D4000B2DA7 /* SelectRecipientsAddressesViewController.swift */ = {isa = PBXFileReference; fileEncoding = 4; lastKnownFileType = sourcecode.swift; path = SelectRecipientsAddressesViewController.swift; sourceTree = "<group>"; };
		5162D4321F375D63000B2DA7 /* CaptionViewController.swift */ = {isa = PBXFileReference; fileEncoding = 4; lastKnownFileType = sourcecode.swift; path = CaptionViewController.swift; sourceTree = "<group>"; };
		5162D4341F37A0A4000B2DA7 /* UIColor.swift */ = {isa = PBXFileReference; fileEncoding = 4; lastKnownFileType = sourcecode.swift; path = UIColor.swift; sourceTree = "<group>"; };
		5162D4361F37AA2F000B2DA7 /* SendToYourselfViewController.swift */ = {isa = PBXFileReference; fileEncoding = 4; lastKnownFileType = sourcecode.swift; path = SendToYourselfViewController.swift; sourceTree = "<group>"; };
		5162D4381F3873B3000B2DA7 /* PreviewViewController.swift */ = {isa = PBXFileReference; fileEncoding = 4; lastKnownFileType = sourcecode.swift; path = PreviewViewController.swift; sourceTree = "<group>"; };
		5162D43A1F3873FF000B2DA7 /* CALayer+extention.swift */ = {isa = PBXFileReference; fileEncoding = 4; lastKnownFileType = sourcecode.swift; path = "CALayer+extention.swift"; sourceTree = "<group>"; };
		5162D43C1F389C3C000B2DA7 /* order.swift */ = {isa = PBXFileReference; fileEncoding = 4; lastKnownFileType = sourcecode.swift; path = order.swift; sourceTree = "<group>"; };
		51802B051F1508710010EA5A /* network.swift */ = {isa = PBXFileReference; fileEncoding = 4; lastKnownFileType = sourcecode.swift; path = network.swift; sourceTree = "<group>"; };
		51802B071F1508BF0010EA5A /* Alamofire.framework */ = {isa = PBXFileReference; lastKnownFileType = wrapper.framework; name = Alamofire.framework; path = "../../Library/Developer/Xcode/DerivedData/phostagram-ios-bpugdxqkwagonpgymllhgykeoyep/Build/Products/Debug-iphonesimulator/Alamofire/Alamofire.framework"; sourceTree = "<group>"; };
		51802B091F1508C20010EA5A /* SwiftyJSON.framework */ = {isa = PBXFileReference; lastKnownFileType = wrapper.framework; name = SwiftyJSON.framework; path = "../../Library/Developer/Xcode/DerivedData/phostagram-ios-bpugdxqkwagonpgymllhgykeoyep/Build/Products/Debug-iphonesimulator/SwiftyJSON/SwiftyJSON.framework"; sourceTree = "<group>"; };
		51802B0C1F1517400010EA5A /* profileModel.swift */ = {isa = PBXFileReference; fileEncoding = 4; lastKnownFileType = sourcecode.swift; path = profileModel.swift; sourceTree = "<group>"; };
		51802B0E1F15605E0010EA5A /* addressModel.swift */ = {isa = PBXFileReference; fileEncoding = 4; lastKnownFileType = sourcecode.swift; path = addressModel.swift; sourceTree = "<group>"; };
		51802B141F16483E0010EA5A /* contactsModel.swift */ = {isa = PBXFileReference; fileEncoding = 4; lastKnownFileType = sourcecode.swift; path = contactsModel.swift; sourceTree = "<group>"; };
		51802B171F179AEA0010EA5A /* UIViewController.swift */ = {isa = PBXFileReference; fileEncoding = 4; lastKnownFileType = sourcecode.swift; path = UIViewController.swift; sourceTree = "<group>"; };
		519A04A01F0653DB00B3F8B0 /* ProfileViewController.swift */ = {isa = PBXFileReference; fileEncoding = 4; lastKnownFileType = sourcecode.swift; path = ProfileViewController.swift; sourceTree = "<group>"; };
		51C409791F0D672E00704A5D /* EditContactViewController.swift */ = {isa = PBXFileReference; fileEncoding = 4; lastKnownFileType = sourcecode.swift; path = EditContactViewController.swift; sourceTree = "<group>"; };
		51C4097B1F0D686900704A5D /* AddressViewCell.swift */ = {isa = PBXFileReference; fileEncoding = 4; lastKnownFileType = sourcecode.swift; path = AddressViewCell.swift; sourceTree = "<group>"; };
		51C4097D1F0D79D600704A5D /* EditContactInfoViewController.swift */ = {isa = PBXFileReference; fileEncoding = 4; lastKnownFileType = sourcecode.swift; path = EditContactInfoViewController.swift; sourceTree = "<group>"; };
		51C688D61F0527B400518D56 /* phostagram-ios.app */ = {isa = PBXFileReference; explicitFileType = wrapper.application; includeInIndex = 0; path = "phostagram-ios.app"; sourceTree = BUILT_PRODUCTS_DIR; };
		51C688D91F0527B400518D56 /* AppDelegate.swift */ = {isa = PBXFileReference; lastKnownFileType = sourcecode.swift; path = AppDelegate.swift; sourceTree = "<group>"; };
		51C688DE1F0527B400518D56 /* Base */ = {isa = PBXFileReference; lastKnownFileType = file.storyboard; name = Base; path = Base.lproj/Main.storyboard; sourceTree = "<group>"; };
		51C688E11F0527B400518D56 /* phostagram_ios.xcdatamodel */ = {isa = PBXFileReference; lastKnownFileType = wrapper.xcdatamodel; path = phostagram_ios.xcdatamodel; sourceTree = "<group>"; };
		51C688E31F0527B400518D56 /* Assets.xcassets */ = {isa = PBXFileReference; lastKnownFileType = folder.assetcatalog; path = Assets.xcassets; sourceTree = "<group>"; };
		51C688E61F0527B400518D56 /* Base */ = {isa = PBXFileReference; lastKnownFileType = file.storyboard; name = Base; path = Base.lproj/LaunchScreen.storyboard; sourceTree = "<group>"; };
		51C688E81F0527B400518D56 /* Info.plist */ = {isa = PBXFileReference; lastKnownFileType = text.plist.xml; path = Info.plist; sourceTree = "<group>"; };
		51D93BD31F0A057D00C057A7 /* PhotoCollectionViewCell.swift */ = {isa = PBXFileReference; fileEncoding = 4; lastKnownFileType = sourcecode.swift; path = PhotoCollectionViewCell.swift; sourceTree = "<group>"; };
		51D93BD51F0A25B800C057A7 /* PhotoListflowViewLayout.swift */ = {isa = PBXFileReference; fileEncoding = 4; lastKnownFileType = sourcecode.swift; path = PhotoListflowViewLayout.swift; sourceTree = "<group>"; };
		51D93BD71F0A25CC00C057A7 /* PhotoGridflowViewLayout.swift */ = {isa = PBXFileReference; fileEncoding = 4; lastKnownFileType = sourcecode.swift; path = PhotoGridflowViewLayout.swift; sourceTree = "<group>"; };
		51D93BDC1F0A5FEC00C057A7 /* HomeViewController.swift */ = {isa = PBXFileReference; fileEncoding = 4; lastKnownFileType = sourcecode.swift; path = HomeViewController.swift; sourceTree = "<group>"; };
		51D93BDF1F0ADD9700C057A7 /* UIImageViewExtention.swift */ = {isa = PBXFileReference; fileEncoding = 4; lastKnownFileType = sourcecode.swift; path = UIImageViewExtention.swift; sourceTree = "<group>"; };
		51D93BE11F0B777D00C057A7 /* GradientView.swift */ = {isa = PBXFileReference; fileEncoding = 4; lastKnownFileType = sourcecode.swift; path = GradientView.swift; sourceTree = "<group>"; };
		51D93BE31F0B86FB00C057A7 /* UIViewExtention.swift */ = {isa = PBXFileReference; fileEncoding = 4; lastKnownFileType = sourcecode.swift; path = UIViewExtention.swift; sourceTree = "<group>"; };
		51D93BE51F0B88F900C057A7 /* getStartedButtonView.swift */ = {isa = PBXFileReference; fileEncoding = 4; lastKnownFileType = sourcecode.swift; path = getStartedButtonView.swift; sourceTree = "<group>"; };
		51D93BE81F0BA39100C057A7 /* getStartedViewController.swift */ = {isa = PBXFileReference; fileEncoding = 4; lastKnownFileType = sourcecode.swift; path = getStartedViewController.swift; sourceTree = "<group>"; };
		51D93BEB1F0BB0D000C057A7 /* textFieldViewController.swift */ = {isa = PBXFileReference; fileEncoding = 4; lastKnownFileType = sourcecode.swift; path = textFieldViewController.swift; sourceTree = "<group>"; };
		51D93BED1F0BBF4800C057A7 /* UIView.swift */ = {isa = PBXFileReference; fileEncoding = 4; lastKnownFileType = sourcecode.swift; path = UIView.swift; sourceTree = "<group>"; };
		51D93BF01F0BCCA500C057A7 /* ContactsViewController.swift */ = {isa = PBXFileReference; fileEncoding = 4; lastKnownFileType = sourcecode.swift; path = ContactsViewController.swift; sourceTree = "<group>"; };
		51D93BF31F0BF7D100C057A7 /* contactsViewCell.swift */ = {isa = PBXFileReference; fileEncoding = 4; lastKnownFileType = sourcecode.swift; path = contactsViewCell.swift; sourceTree = "<group>"; };
		51D93BF51F0C289400C057A7 /* AddNewContactViewController.swift */ = {isa = PBXFileReference; fileEncoding = 4; lastKnownFileType = sourcecode.swift; path = AddNewContactViewController.swift; sourceTree = "<group>"; };
		51F6E3931F519D350076B750 /* home.swift */ = {isa = PBXFileReference; fileEncoding = 4; lastKnownFileType = sourcecode.swift; path = home.swift; sourceTree = "<group>"; };
		51F6E3951F51CC0A0076B750 /* AdobeCreativeSDKCore.framework */ = {isa = PBXFileReference; lastKnownFileType = wrapper.framework; path = AdobeCreativeSDKCore.framework; sourceTree = "<group>"; };
		51F6E3961F51CC0A0076B750 /* AdobeCreativeSDKImage.framework */ = {isa = PBXFileReference; lastKnownFileType = wrapper.framework; path = AdobeCreativeSDKImage.framework; sourceTree = "<group>"; };
		51F6E3971F51CC0A0076B750 /* AdobeCreativeSDKCoreResources.bundle */ = {isa = PBXFileReference; lastKnownFileType = "wrapper.plug-in"; path = AdobeCreativeSDKCoreResources.bundle; sourceTree = "<group>"; };
		51F6E3981F51CC0A0076B750 /* AdobeCreativeSDKImageResources.bundle */ = {isa = PBXFileReference; lastKnownFileType = "wrapper.plug-in"; path = AdobeCreativeSDKImageResources.bundle; sourceTree = "<group>"; };
		51F6E3991F51CC0A0076B750 /* Bridging-Header.h */ = {isa = PBXFileReference; fileEncoding = 4; lastKnownFileType = sourcecode.c.h; path = "Bridging-Header.h"; sourceTree = "<group>"; };
		51F6E3A21F51CE6C0076B750 /* MobileCoreServices.framework */ = {isa = PBXFileReference; lastKnownFileType = wrapper.framework; name = MobileCoreServices.framework; path = System/Library/Frameworks/MobileCoreServices.framework; sourceTree = SDKROOT; };
		51F6E3A41F51CE730076B750 /* SystemConfiguration.framework */ = {isa = PBXFileReference; lastKnownFileType = wrapper.framework; name = SystemConfiguration.framework; path = System/Library/Frameworks/SystemConfiguration.framework; sourceTree = SDKROOT; };
		51F6E3A61F51CE7B0076B750 /* libz.tbd */ = {isa = PBXFileReference; lastKnownFileType = "sourcecode.text-based-dylib-definition"; name = libz.tbd; path = usr/lib/libz.tbd; sourceTree = SDKROOT; };
		51F6E3A81F51CE860076B750 /* libsqlite3.tbd */ = {isa = PBXFileReference; lastKnownFileType = "sourcecode.text-based-dylib-definition"; name = libsqlite3.tbd; path = usr/lib/libsqlite3.tbd; sourceTree = SDKROOT; };
		51F6E3AA1F51CE930076B750 /* libc++.tbd */ = {isa = PBXFileReference; lastKnownFileType = "sourcecode.text-based-dylib-definition"; name = "libc++.tbd"; path = "usr/lib/libc++.tbd"; sourceTree = SDKROOT; };
		8CE1A291F57DA1CC8525DBA3 /* Pods_phostagram_ios.framework */ = {isa = PBXFileReference; explicitFileType = wrapper.framework; includeInIndex = 0; path = Pods_phostagram_ios.framework; sourceTree = BUILT_PRODUCTS_DIR; };
/* End PBXFileReference section */

/* Begin PBXFrameworksBuildPhase section */
		51C688D31F0527B400518D56 /* Frameworks */ = {
			isa = PBXFrameworksBuildPhase;
			buildActionMask = 2147483647;
			files = (
				51F6E3AB1F51CE930076B750 /* libc++.tbd in Frameworks */,
				51F6E3A91F51CE860076B750 /* libsqlite3.tbd in Frameworks */,
				51F6E3A71F51CE7B0076B750 /* libz.tbd in Frameworks */,
				51F6E3A51F51CE730076B750 /* SystemConfiguration.framework in Frameworks */,
				51F6E3A31F51CE6C0076B750 /* MobileCoreServices.framework in Frameworks */,
				51802B0A1F1508C20010EA5A /* SwiftyJSON.framework in Frameworks */,
				51802B081F1508BF0010EA5A /* Alamofire.framework in Frameworks */,
				23779C3CEBAD2C9E9DBB0EF9 /* Pods_phostagram_ios.framework in Frameworks */,
				51F6E39E1F51CE5A0076B750 /* AdobeCreativeSDKCore.framework in Frameworks */,
				51F6E39B1F51CC0A0076B750 /* AdobeCreativeSDKImage.framework in Frameworks */,
				51F6E39A1F51CC0A0076B750 /* AdobeCreativeSDKCore.framework in Frameworks */,
				51F6E3A01F51CE5E0076B750 /* AdobeCreativeSDKImage.framework in Frameworks */,
			);
			runOnlyForDeploymentPostprocessing = 0;
		};
/* End PBXFrameworksBuildPhase section */

/* Begin PBXGroup section */
		4442AD05BCB6B1BDE7D7CA83 /* Frameworks */ = {
			isa = PBXGroup;
			children = (
				51F6E3AA1F51CE930076B750 /* libc++.tbd */,
				51F6E3A81F51CE860076B750 /* libsqlite3.tbd */,
				51F6E3A61F51CE7B0076B750 /* libz.tbd */,
				51F6E3A41F51CE730076B750 /* SystemConfiguration.framework */,
				51F6E3A21F51CE6C0076B750 /* MobileCoreServices.framework */,
				51802B091F1508C20010EA5A /* SwiftyJSON.framework */,
				51802B071F1508BF0010EA5A /* Alamofire.framework */,
				8CE1A291F57DA1CC8525DBA3 /* Pods_phostagram_ios.framework */,
			);
			name = Frameworks;
			sourceTree = "<group>";
		};
		5162D42D1F345264000B2DA7 /* order */ = {
			isa = PBXGroup;
			children = (
				5162D42E1F34527E000B2DA7 /* SelectRecipientsViewController.swift */,
				5162D4301F3457D4000B2DA7 /* SelectRecipientsAddressesViewController.swift */,
				5162D4321F375D63000B2DA7 /* CaptionViewController.swift */,
				5162D4361F37AA2F000B2DA7 /* SendToYourselfViewController.swift */,
				5162D4381F3873B3000B2DA7 /* PreviewViewController.swift */,
			);
			name = order;
			sourceTree = "<group>";
		};
		51802AFD1F14F1190010EA5A /* services */ = {
			isa = PBXGroup;
			children = (
				51802B051F1508710010EA5A /* network.swift */,
				5162D43C1F389C3C000B2DA7 /* order.swift */,
				51F6E3931F519D350076B750 /* home.swift */,
			);
			name = services;
			sourceTree = "<group>";
		};
		519A049F1F0653C100B3F8B0 /* Profile */ = {
			isa = PBXGroup;
			children = (
				519A04A01F0653DB00B3F8B0 /* ProfileViewController.swift */,
			);
			name = Profile;
			sourceTree = "<group>";
		};
		51C688CD1F0527B400518D56 = {
			isa = PBXGroup;
			children = (
				51C688D81F0527B400518D56 /* phostagram-ios */,
				51C688D71F0527B400518D56 /* Products */,
				7B3045255FD0EA86039CB56C /* Pods */,
				4442AD05BCB6B1BDE7D7CA83 /* Frameworks */,
			);
			sourceTree = "<group>";
		};
		51C688D71F0527B400518D56 /* Products */ = {
			isa = PBXGroup;
			children = (
				51C688D61F0527B400518D56 /* phostagram-ios.app */,
			);
			name = Products;
			sourceTree = "<group>";
		};
		51C688D81F0527B400518D56 /* phostagram-ios */ = {
			isa = PBXGroup;
			children = (
				51C688D91F0527B400518D56 /* AppDelegate.swift */,
				51802AFD1F14F1190010EA5A /* services */,
				51D93BDE1F0AD6CC00C057A7 /* extention */,
				51C688EE1F052B4500518D56 /* resources */,
				51C688F01F052B7B00518D56 /* model */,
				51C688EF1F052B5300518D56 /* viewController */,
				51D93BD21F0A050500C057A7 /* view */,
			);
			path = "phostagram-ios";
			sourceTree = "<group>";
		};
		51C688EE1F052B4500518D56 /* resources */ = {
			isa = PBXGroup;
			children = (
				51F6E3951F51CC0A0076B750 /* AdobeCreativeSDKCore.framework */,
				51F6E3961F51CC0A0076B750 /* AdobeCreativeSDKImage.framework */,
				51F6E3971F51CC0A0076B750 /* AdobeCreativeSDKCoreResources.bundle */,
				51F6E3981F51CC0A0076B750 /* AdobeCreativeSDKImageResources.bundle */,
				51F6E3991F51CC0A0076B750 /* Bridging-Header.h */,
				51C688E31F0527B400518D56 /* Assets.xcassets */,
				51C688E81F0527B400518D56 /* Info.plist */,
				51C688E01F0527B400518D56 /* phostagram_ios.xcdatamodeld */,
			);
			name = resources;
			sourceTree = "<group>";
		};
		51C688EF1F052B5300518D56 /* viewController */ = {
			isa = PBXGroup;
			children = (
				5162D42D1F345264000B2DA7 /* order */,
				51D93BE71F0BA37E00C057A7 /* Login */,
				51D93BEF1F0BCC9000C057A7 /* contacts */,
				51D93BDB1F0A5FD600C057A7 /* Home */,
				519A049F1F0653C100B3F8B0 /* Profile */,
			);
			name = viewController;
			sourceTree = "<group>";
		};
		51C688F01F052B7B00518D56 /* model */ = {
			isa = PBXGroup;
			children = (
				51802B0C1F1517400010EA5A /* profileModel.swift */,
				51802B0E1F15605E0010EA5A /* addressModel.swift */,
				51802B141F16483E0010EA5A /* contactsModel.swift */,
				51284E001F5206B7009559A9 /* homeModel.swift */,
			);
			name = model;
			sourceTree = "<group>";
		};
		51D93BD21F0A050500C057A7 /* view */ = {
			isa = PBXGroup;
			children = (
				51C688E51F0527B400518D56 /* LaunchScreen.storyboard */,
				51C688DD1F0527B400518D56 /* Main.storyboard */,
				51D93BF21F0BF7B900C057A7 /* contactsView */,
				51D93BEA1F0BB0BB00C057A7 /* photoView */,
				51D93BE11F0B777D00C057A7 /* GradientView.swift */,
				51D93BED1F0BBF4800C057A7 /* UIView.swift */,
				51D93BE51F0B88F900C057A7 /* getStartedButtonView.swift */,
				51D93BEB1F0BB0D000C057A7 /* textFieldViewController.swift */,
			);
			name = view;
			sourceTree = "<group>";
		};
		51D93BDB1F0A5FD600C057A7 /* Home */ = {
			isa = PBXGroup;
			children = (
				51D93BDC1F0A5FEC00C057A7 /* HomeViewController.swift */,
			);
			name = Home;
			sourceTree = "<group>";
		};
		51D93BDE1F0AD6CC00C057A7 /* extention */ = {
			isa = PBXGroup;
			children = (
				51D93BDF1F0ADD9700C057A7 /* UIImageViewExtention.swift */,
				51D93BE31F0B86FB00C057A7 /* UIViewExtention.swift */,
				51802B171F179AEA0010EA5A /* UIViewController.swift */,
				5162D4341F37A0A4000B2DA7 /* UIColor.swift */,
				5162D43A1F3873FF000B2DA7 /* CALayer+extention.swift */,
			);
			name = extention;
			sourceTree = "<group>";
		};
		51D93BE71F0BA37E00C057A7 /* Login */ = {
			isa = PBXGroup;
			children = (
				51D93BE81F0BA39100C057A7 /* getStartedViewController.swift */,
			);
			name = Login;
			sourceTree = "<group>";
		};
		51D93BEA1F0BB0BB00C057A7 /* photoView */ = {
			isa = PBXGroup;
			children = (
				51D93BD71F0A25CC00C057A7 /* PhotoGridflowViewLayout.swift */,
				51D93BD51F0A25B800C057A7 /* PhotoListflowViewLayout.swift */,
				51D93BD31F0A057D00C057A7 /* PhotoCollectionViewCell.swift */,
			);
			name = photoView;
			sourceTree = "<group>";
		};
		51D93BEF1F0BCC9000C057A7 /* contacts */ = {
			isa = PBXGroup;
			children = (
				51D93BF01F0BCCA500C057A7 /* ContactsViewController.swift */,
				51C409791F0D672E00704A5D /* EditContactViewController.swift */,
				51D93BF51F0C289400C057A7 /* AddNewContactViewController.swift */,
				51C4097D1F0D79D600704A5D /* EditContactInfoViewController.swift */,
				51033C031F2AB69700B03206 /* AddressViewController.swift */,
			);
			name = contacts;
			sourceTree = "<group>";
		};
		51D93BF21F0BF7B900C057A7 /* contactsView */ = {
			isa = PBXGroup;
			children = (
				51D93BF31F0BF7D100C057A7 /* contactsViewCell.swift */,
				51C4097B1F0D686900704A5D /* AddressViewCell.swift */,
			);
			name = contactsView;
			sourceTree = "<group>";
		};
		7B3045255FD0EA86039CB56C /* Pods */ = {
			isa = PBXGroup;
			children = (
				100BAD7972A180EF0B25A2BC /* Pods-phostagram-ios.debug.xcconfig */,
				0132AF52DBF8888BD8050792 /* Pods-phostagram-ios.release.xcconfig */,
			);
			name = Pods;
			sourceTree = "<group>";
		};
/* End PBXGroup section */

/* Begin PBXNativeTarget section */
		51C688D51F0527B400518D56 /* phostagram-ios */ = {
			isa = PBXNativeTarget;
			buildConfigurationList = 51C688EB1F0527B400518D56 /* Build configuration list for PBXNativeTarget "phostagram-ios" */;
			buildPhases = (
				D51D4B956ACF119E82BA769E /* [CP] Check Pods Manifest.lock */,
				51C688D21F0527B400518D56 /* Sources */,
				51C688D31F0527B400518D56 /* Frameworks */,
				51C688D41F0527B400518D56 /* Resources */,
				1E0E6AA34CB178A076D9C76C /* [CP] Embed Pods Frameworks */,
				40E9C09A0F5AA4A9B70461DD /* [CP] Copy Pods Resources */,
				51802B041F1508530010EA5A /* Embed Frameworks */,
				51F6E3AC1F51D0A50076B750 /* ShellScript */,
			);
			buildRules = (
			);
			dependencies = (
			);
			name = "phostagram-ios";
			productName = "phostagram-ios";
			productReference = 51C688D61F0527B400518D56 /* phostagram-ios.app */;
			productType = "com.apple.product-type.application";
		};
/* End PBXNativeTarget section */

/* Begin PBXProject section */
		51C688CE1F0527B400518D56 /* Project object */ = {
			isa = PBXProject;
			attributes = {
				LastSwiftUpdateCheck = 0830;
				LastUpgradeCheck = 0830;
				ORGANIZATIONNAME = shubhamrathi;
				TargetAttributes = {
					51C688D51F0527B400518D56 = {
						CreatedOnToolsVersion = 8.3.3;
						DevelopmentTeam = FS9MJBEMW5;
						ProvisioningStyle = Automatic;
					};
				};
			};
			buildConfigurationList = 51C688D11F0527B400518D56 /* Build configuration list for PBXProject "phostagram-ios" */;
			compatibilityVersion = "Xcode 3.2";
			developmentRegion = English;
			hasScannedForEncodings = 0;
			knownRegions = (
				en,
				Base,
			);
			mainGroup = 51C688CD1F0527B400518D56;
			productRefGroup = 51C688D71F0527B400518D56 /* Products */;
			projectDirPath = "";
			projectRoot = "";
			targets = (
				51C688D51F0527B400518D56 /* phostagram-ios */,
			);
		};
/* End PBXProject section */

/* Begin PBXResourcesBuildPhase section */
		51C688D41F0527B400518D56 /* Resources */ = {
			isa = PBXResourcesBuildPhase;
			buildActionMask = 2147483647;
			files = (
				51F6E39C1F51CC0A0076B750 /* AdobeCreativeSDKCoreResources.bundle in Resources */,
				51C688E71F0527B400518D56 /* LaunchScreen.storyboard in Resources */,
				51C688E41F0527B400518D56 /* Assets.xcassets in Resources */,
				51F6E39D1F51CC0A0076B750 /* AdobeCreativeSDKImageResources.bundle in Resources */,
				51C688DF1F0527B400518D56 /* Main.storyboard in Resources */,
			);
			runOnlyForDeploymentPostprocessing = 0;
		};
/* End PBXResourcesBuildPhase section */

/* Begin PBXShellScriptBuildPhase section */
		1E0E6AA34CB178A076D9C76C /* [CP] Embed Pods Frameworks */ = {
			isa = PBXShellScriptBuildPhase;
			buildActionMask = 2147483647;
			files = (
			);
			inputPaths = (
			);
			name = "[CP] Embed Pods Frameworks";
			outputPaths = (
			);
			runOnlyForDeploymentPostprocessing = 0;
			shellPath = /bin/sh;
			shellScript = "\"${SRCROOT}/Pods/Target Support Files/Pods-phostagram-ios/Pods-phostagram-ios-frameworks.sh\"\n";
			showEnvVarsInLog = 0;
		};
		40E9C09A0F5AA4A9B70461DD /* [CP] Copy Pods Resources */ = {
			isa = PBXShellScriptBuildPhase;
			buildActionMask = 2147483647;
			files = (
			);
			inputPaths = (
			);
			name = "[CP] Copy Pods Resources";
			outputPaths = (
			);
			runOnlyForDeploymentPostprocessing = 0;
			shellPath = /bin/sh;
			shellScript = "\"${SRCROOT}/Pods/Target Support Files/Pods-phostagram-ios/Pods-phostagram-ios-resources.sh\"\n";
			showEnvVarsInLog = 0;
		};
		51F6E3AC1F51D0A50076B750 /* ShellScript */ = {
			isa = PBXShellScriptBuildPhase;
			buildActionMask = 2147483647;
			files = (
			);
			inputPaths = (
			);
			outputPaths = (
			);
			runOnlyForDeploymentPostprocessing = 0;
			shellPath = /bin/sh;
			shellScript = "${BUILT_PRODUCTS_DIR}/${FRAMEWORKS_FOLDER_PATH}/AdobeCreativeSDKCore.framework/strip-frameworks.sh\n";
		};
		D51D4B956ACF119E82BA769E /* [CP] Check Pods Manifest.lock */ = {
			isa = PBXShellScriptBuildPhase;
			buildActionMask = 2147483647;
			files = (
			);
			inputPaths = (
			);
			name = "[CP] Check Pods Manifest.lock";
			outputPaths = (
			);
			runOnlyForDeploymentPostprocessing = 0;
			shellPath = /bin/sh;
			shellScript = "diff \"${PODS_ROOT}/../Podfile.lock\" \"${PODS_ROOT}/Manifest.lock\" > /dev/null\nif [ $? != 0 ] ; then\n    # print error to STDERR\n    echo \"error: The sandbox is not in sync with the Podfile.lock. Run 'pod install' or update your CocoaPods installation.\" >&2\n    exit 1\nfi\n";
			showEnvVarsInLog = 0;
		};
/* End PBXShellScriptBuildPhase section */

/* Begin PBXSourcesBuildPhase section */
		51C688D21F0527B400518D56 /* Sources */ = {
			isa = PBXSourcesBuildPhase;
			buildActionMask = 2147483647;
			files = (
				519A04A11F0653DB00B3F8B0 /* ProfileViewController.swift in Sources */,
				51D93BE41F0B86FB00C057A7 /* UIViewExtention.swift in Sources */,
				51D93BD81F0A25CC00C057A7 /* PhotoGridflowViewLayout.swift in Sources */,
				51C4097E1F0D79D600704A5D /* EditContactInfoViewController.swift in Sources */,
				51D93BD41F0A057D00C057A7 /* PhotoCollectionViewCell.swift in Sources */,
				51D93BF61F0C289400C057A7 /* AddNewContactViewController.swift in Sources */,
				5162D4331F375D63000B2DA7 /* CaptionViewController.swift in Sources */,
				51C4097A1F0D672E00704A5D /* EditContactViewController.swift in Sources */,
				5162D43B1F3873FF000B2DA7 /* CALayer+extention.swift in Sources */,
				5162D42F1F34527E000B2DA7 /* SelectRecipientsViewController.swift in Sources */,
				51C688E21F0527B400518D56 /* phostagram_ios.xcdatamodeld in Sources */,
				51C688DA1F0527B400518D56 /* AppDelegate.swift in Sources */,
				51284E011F5206B7009559A9 /* homeModel.swift in Sources */,
				5162D43D1F389C3D000B2DA7 /* order.swift in Sources */,
				51D93BE21F0B777D00C057A7 /* GradientView.swift in Sources */,
				5162D4311F3457D4000B2DA7 /* SelectRecipientsAddressesViewController.swift in Sources */,
				51D93BE61F0B88F900C057A7 /* getStartedButtonView.swift in Sources */,
				51D93BEE1F0BBF4800C057A7 /* UIView.swift in Sources */,
				51D93BDD1F0A5FEC00C057A7 /* HomeViewController.swift in Sources */,
				51802B061F1508710010EA5A /* network.swift in Sources */,
				51802B151F16483E0010EA5A /* contactsModel.swift in Sources */,
				51D93BEC1F0BB0D000C057A7 /* textFieldViewController.swift in Sources */,
				5162D4351F37A0A4000B2DA7 /* UIColor.swift in Sources */,
				51802B0F1F15605E0010EA5A /* addressModel.swift in Sources */,
				51F6E3941F519D350076B750 /* home.swift in Sources */,
				51802B0D1F1517400010EA5A /* profileModel.swift in Sources */,
				51D93BF41F0BF7D100C057A7 /* contactsViewCell.swift in Sources */,
				5162D4391F3873B3000B2DA7 /* PreviewViewController.swift in Sources */,
				51C4097C1F0D686900704A5D /* AddressViewCell.swift in Sources */,
				51D93BD61F0A25B800C057A7 /* PhotoListflowViewLayout.swift in Sources */,
				51D93BE01F0ADD9700C057A7 /* UIImageViewExtention.swift in Sources */,
				51D93BE91F0BA39100C057A7 /* getStartedViewController.swift in Sources */,
				5162D4371F37AA2F000B2DA7 /* SendToYourselfViewController.swift in Sources */,
				51D93BF11F0BCCA500C057A7 /* ContactsViewController.swift in Sources */,
				51802B181F179AEA0010EA5A /* UIViewController.swift in Sources */,
				51033C041F2AB69700B03206 /* AddressViewController.swift in Sources */,
			);
			runOnlyForDeploymentPostprocessing = 0;
		};
/* End PBXSourcesBuildPhase section */

/* Begin PBXVariantGroup section */
		51C688DD1F0527B400518D56 /* Main.storyboard */ = {
			isa = PBXVariantGroup;
			children = (
				51C688DE1F0527B400518D56 /* Base */,
			);
			name = Main.storyboard;
			sourceTree = "<group>";
		};
		51C688E51F0527B400518D56 /* LaunchScreen.storyboard */ = {
			isa = PBXVariantGroup;
			children = (
				51C688E61F0527B400518D56 /* Base */,
			);
			name = LaunchScreen.storyboard;
			sourceTree = "<group>";
		};
/* End PBXVariantGroup section */

/* Begin XCBuildConfiguration section */
		51C688E91F0527B400518D56 /* Debug */ = {
			isa = XCBuildConfiguration;
			buildSettings = {
				ALWAYS_SEARCH_USER_PATHS = NO;
				CLANG_ANALYZER_NONNULL = YES;
				CLANG_ANALYZER_NUMBER_OBJECT_CONVERSION = YES_AGGRESSIVE;
				CLANG_CXX_LANGUAGE_STANDARD = "gnu++0x";
				CLANG_CXX_LIBRARY = "libc++";
				CLANG_ENABLE_MODULES = YES;
				CLANG_ENABLE_OBJC_ARC = YES;
				CLANG_WARN_BOOL_CONVERSION = YES;
				CLANG_WARN_CONSTANT_CONVERSION = YES;
				CLANG_WARN_DIRECT_OBJC_ISA_USAGE = YES_ERROR;
				CLANG_WARN_DOCUMENTATION_COMMENTS = YES;
				CLANG_WARN_EMPTY_BODY = YES;
				CLANG_WARN_ENUM_CONVERSION = YES;
				CLANG_WARN_INFINITE_RECURSION = YES;
				CLANG_WARN_INT_CONVERSION = YES;
				CLANG_WARN_OBJC_ROOT_CLASS = YES_ERROR;
				CLANG_WARN_SUSPICIOUS_MOVE = YES;
				CLANG_WARN_UNREACHABLE_CODE = YES;
				CLANG_WARN__DUPLICATE_METHOD_MATCH = YES;
				"CODE_SIGN_IDENTITY[sdk=iphoneos*]" = "iPhone Developer";
				COPY_PHASE_STRIP = NO;
				DEBUG_INFORMATION_FORMAT = dwarf;
				ENABLE_STRICT_OBJC_MSGSEND = YES;
				ENABLE_TESTABILITY = YES;
				GCC_C_LANGUAGE_STANDARD = gnu99;
				GCC_DYNAMIC_NO_PIC = NO;
				GCC_NO_COMMON_BLOCKS = YES;
				GCC_OPTIMIZATION_LEVEL = 0;
				GCC_PREPROCESSOR_DEFINITIONS = (
					"DEBUG=1",
					"$(inherited)",
				);
				GCC_WARN_64_TO_32_BIT_CONVERSION = YES;
				GCC_WARN_ABOUT_RETURN_TYPE = YES_ERROR;
				GCC_WARN_UNDECLARED_SELECTOR = YES;
				GCC_WARN_UNINITIALIZED_AUTOS = YES_AGGRESSIVE;
				GCC_WARN_UNUSED_FUNCTION = YES;
				GCC_WARN_UNUSED_VARIABLE = YES;
				IPHONEOS_DEPLOYMENT_TARGET = 10.3;
				MTL_ENABLE_DEBUG_INFO = YES;
				ONLY_ACTIVE_ARCH = YES;
				SDKROOT = iphoneos;
				SWIFT_ACTIVE_COMPILATION_CONDITIONS = DEBUG;
				SWIFT_OPTIMIZATION_LEVEL = "-Onone";
				TARGETED_DEVICE_FAMILY = "1,2";
			};
			name = Debug;
		};
		51C688EA1F0527B400518D56 /* Release */ = {
			isa = XCBuildConfiguration;
			buildSettings = {
				ALWAYS_SEARCH_USER_PATHS = NO;
				CLANG_ANALYZER_NONNULL = YES;
				CLANG_ANALYZER_NUMBER_OBJECT_CONVERSION = YES_AGGRESSIVE;
				CLANG_CXX_LANGUAGE_STANDARD = "gnu++0x";
				CLANG_CXX_LIBRARY = "libc++";
				CLANG_ENABLE_MODULES = YES;
				CLANG_ENABLE_OBJC_ARC = YES;
				CLANG_WARN_BOOL_CONVERSION = YES;
				CLANG_WARN_CONSTANT_CONVERSION = YES;
				CLANG_WARN_DIRECT_OBJC_ISA_USAGE = YES_ERROR;
				CLANG_WARN_DOCUMENTATION_COMMENTS = YES;
				CLANG_WARN_EMPTY_BODY = YES;
				CLANG_WARN_ENUM_CONVERSION = YES;
				CLANG_WARN_INFINITE_RECURSION = YES;
				CLANG_WARN_INT_CONVERSION = YES;
				CLANG_WARN_OBJC_ROOT_CLASS = YES_ERROR;
				CLANG_WARN_SUSPICIOUS_MOVE = YES;
				CLANG_WARN_UNREACHABLE_CODE = YES;
				CLANG_WARN__DUPLICATE_METHOD_MATCH = YES;
				"CODE_SIGN_IDENTITY[sdk=iphoneos*]" = "iPhone Developer";
				COPY_PHASE_STRIP = NO;
				DEBUG_INFORMATION_FORMAT = "dwarf-with-dsym";
				ENABLE_NS_ASSERTIONS = NO;
				ENABLE_STRICT_OBJC_MSGSEND = YES;
				GCC_C_LANGUAGE_STANDARD = gnu99;
				GCC_NO_COMMON_BLOCKS = YES;
				GCC_WARN_64_TO_32_BIT_CONVERSION = YES;
				GCC_WARN_ABOUT_RETURN_TYPE = YES_ERROR;
				GCC_WARN_UNDECLARED_SELECTOR = YES;
				GCC_WARN_UNINITIALIZED_AUTOS = YES_AGGRESSIVE;
				GCC_WARN_UNUSED_FUNCTION = YES;
				GCC_WARN_UNUSED_VARIABLE = YES;
				IPHONEOS_DEPLOYMENT_TARGET = 10.3;
				MTL_ENABLE_DEBUG_INFO = NO;
				SDKROOT = iphoneos;
				SWIFT_OPTIMIZATION_LEVEL = "-Owholemodule";
				TARGETED_DEVICE_FAMILY = "1,2";
				VALIDATE_PRODUCT = YES;
			};
			name = Release;
		};
		51C688EC1F0527B400518D56 /* Debug */ = {
			isa = XCBuildConfiguration;
			baseConfigurationReference = 100BAD7972A180EF0B25A2BC /* Pods-phostagram-ios.debug.xcconfig */;
			buildSettings = {
				ALWAYS_EMBED_SWIFT_STANDARD_LIBRARIES = YES;
				ASSETCATALOG_COMPILER_APPICON_NAME = AppIcon;
				DEVELOPMENT_TEAM = FS9MJBEMW5;
				FRAMEWORK_SEARCH_PATHS = (
					"$(inherited)",
					"$(PROJECT_DIR)/phostagram-ios",
				);
				INFOPLIST_FILE = "phostagram-ios/Info.plist";
				LD_RUNPATH_SEARCH_PATHS = "$(inherited) @executable_path/Frameworks";
				OTHER_LDFLAGS = (
					"$(inherited)",
					"-framework",
					"\"Alamofire\"",
					"-framework",
					"\"Fusuma\"",
					"-framework",
					"\"IQKeyboardManager\"",
					"-framework",
					"\"ScalingCarousel\"",
					"-framework",
					"\"SwiftyJSON\"",
					"-ObjC",
				);
				PRODUCT_BUNDLE_IDENTIFIER = "rathi.phostagram-ios";
				PRODUCT_NAME = "$(TARGET_NAME)";
				SWIFT_VERSION = 3.0;
			};
			name = Debug;
		};
		51C688ED1F0527B400518D56 /* Release */ = {
			isa = XCBuildConfiguration;
			baseConfigurationReference = 0132AF52DBF8888BD8050792 /* Pods-phostagram-ios.release.xcconfig */;
			buildSettings = {
				ALWAYS_EMBED_SWIFT_STANDARD_LIBRARIES = YES;
				ASSETCATALOG_COMPILER_APPICON_NAME = AppIcon;
				DEVELOPMENT_TEAM = FS9MJBEMW5;
				FRAMEWORK_SEARCH_PATHS = (
					"$(inherited)",
					"$(PROJECT_DIR)/phostagram-ios",
				);
				INFOPLIST_FILE = "phostagram-ios/Info.plist";
				LD_RUNPATH_SEARCH_PATHS = "$(inherited) @executable_path/Frameworks";
				OTHER_LDFLAGS = (
					"$(inherited)",
					"-framework",
					"\"Alamofire\"",
					"-framework",
					"\"Fusuma\"",
					"-framework",
					"\"IQKeyboardManager\"",
					"-framework",
					"\"ScalingCarousel\"",
					"-framework",
					"\"SwiftyJSON\"",
					"-ObjC",
				);
				PRODUCT_BUNDLE_IDENTIFIER = "rathi.phostagram-ios";
				PRODUCT_NAME = "$(TARGET_NAME)";
				SWIFT_VERSION = 3.0;
			};
			name = Release;
		};
/* End XCBuildConfiguration section */

/* Begin XCConfigurationList section */
		51C688D11F0527B400518D56 /* Build configuration list for PBXProject "phostagram-ios" */ = {
			isa = XCConfigurationList;
			buildConfigurations = (
				51C688E91F0527B400518D56 /* Debug */,
				51C688EA1F0527B400518D56 /* Release */,
			);
			defaultConfigurationIsVisible = 0;
			defaultConfigurationName = Release;
		};
		51C688EB1F0527B400518D56 /* Build configuration list for PBXNativeTarget "phostagram-ios" */ = {
			isa = XCConfigurationList;
			buildConfigurations = (
				51C688EC1F0527B400518D56 /* Debug */,
				51C688ED1F0527B400518D56 /* Release */,
			);
			defaultConfigurationIsVisible = 0;
			defaultConfigurationName = Release;
		};
/* End XCConfigurationList section */

/* Begin XCVersionGroup section */
		51C688E01F0527B400518D56 /* phostagram_ios.xcdatamodeld */ = {
			isa = XCVersionGroup;
			children = (
				51C688E11F0527B400518D56 /* phostagram_ios.xcdatamodel */,
			);
			currentVersion = 51C688E11F0527B400518D56 /* phostagram_ios.xcdatamodel */;
			path = phostagram_ios.xcdatamodeld;
			sourceTree = "<group>";
			versionGroupType = wrapper.xcdatamodel;
		};
/* End XCVersionGroup section */
	};
	rootObject = 51C688CE1F0527B400518D56 /* Project object */;
}
